
Microsoft Visual Studio Solution File, Format Version 12.00
# Visual Studio Version 17
VisualStudioVersion = 17.8.34330.188
MinimumVisualStudioVersion = 10.0.40219.1
Project("{FAE04EC0-301F-11D3-BF4B-00C04F79EFBC}") = "JA Neon", "JA Neon\JA Neon.csproj", "{F68A1D66-736E-4922-8D3E-0ECFE7CB7C8F}"
	ProjectSection(ProjectDependencies) = postProject
		{A96DB20B-EB26-4606-B438-6ED8CD7E161E} = {A96DB20B-EB26-4606-B438-6ED8CD7E161E}
	EndProjectSection
EndProject
Project("{2150E333-8FDC-42A3-9474-1A3956D46DE8}") = "Solution Items", "Solution Items", "{90B79507-1B25-45E9-8927-03DB64F5AFA9}"
	ProjectSection(SolutionItems) = preProject
		..\Desktop\icon.ico = ..\Desktop\icon.ico
		N:\MEGAsync\Uni\SEM5\JA\icon.png = N:\MEGAsync\Uni\SEM5\JA\icon.png
	EndProjectSection
EndProject
Project("{8BC9CEB8-8B4A-11D0-8D11-00A0C91BC942}") = "JANeonLib", "JANeonLib\JANeonLib.vcxproj", "{A96DB20B-EB26-4606-B438-6ED8CD7E161E}"
EndProject
Global
	GlobalSection(SolutionConfigurationPlatforms) = preSolution
		Debug|Any CPU = Debug|Any CPU
		Debug|x64 = Debug|x64
		Debug|x86 = Debug|x86
		Release|Any CPU = Release|Any CPU
		Release|x64 = Release|x64
		Release|x86 = Release|x86
	EndGlobalSection
	GlobalSection(ProjectConfigurationPlatforms) = postSolution
		{F68A1D66-736E-4922-8D3E-0ECFE7CB7C8F}.Debug|Any CPU.ActiveCfg = Debug|Any CPU
		{F68A1D66-736E-4922-8D3E-0ECFE7CB7C8F}.Debug|Any CPU.Build.0 = Debug|Any CPU
		{F68A1D66-736E-4922-8D3E-0ECFE7CB7C8F}.Debug|x64.ActiveCfg = Debug|Any CPU
		{F68A1D66-736E-4922-8D3E-0ECFE7CB7C8F}.Debug|x64.Build.0 = Debug|Any CPU
		{F68A1D66-736E-4922-8D3E-0ECFE7CB7C8F}.Debug|x86.ActiveCfg = Debug|Any CPU
		{F68A1D66-736E-4922-8D3E-0ECFE7CB7C8F}.Debug|x86.Build.0 = Debug|Any CPU
		{F68A1D66-736E-4922-8D3E-0ECFE7CB7C8F}.Release|Any CPU.ActiveCfg = Release|x64
		{F68A1D66-736E-4922-8D3E-0ECFE7CB7C8F}.Release|Any CPU.Build.0 = Release|x64
		{F68A1D66-736E-4922-8D3E-0ECFE7CB7C8F}.Release|x64.ActiveCfg = Release|x64
		{F68A1D66-736E-4922-8D3E-0ECFE7CB7C8F}.Release|x64.Build.0 = Release|x64
		{F68A1D66-736E-4922-8D3E-0ECFE7CB7C8F}.Release|x86.ActiveCfg = Release|Any CPU
		{F68A1D66-736E-4922-8D3E-0ECFE7CB7C8F}.Release|x86.Build.0 = Release|Any CPU
		{A96DB20B-EB26-4606-B438-6ED8CD7E161E}.Debug|Any CPU.ActiveCfg = Debug|x64
		{A96DB20B-EB26-4606-B438-6ED8CD7E161E}.Debug|Any CPU.Build.0 = Debug|x64
		{A96DB20B-EB26-4606-B438-6ED8CD7E161E}.Debug|x64.ActiveCfg = Debug|x64
		{A96DB20B-EB26-4606-B438-6ED8CD7E161E}.Debug|x64.Build.0 = Debug|x64
		{A96DB20B-EB26-4606-B438-6ED8CD7E161E}.Debug|x86.ActiveCfg = Debug|Win32
		{A96DB20B-EB26-4606-B438-6ED8CD7E161E}.Debug|x86.Build.0 = Debug|Win32
		{A96DB20B-EB26-4606-B438-6ED8CD7E161E}.Release|Any CPU.ActiveCfg = Release|x64
		{A96DB20B-EB26-4606-B438-6ED8CD7E161E}.Release|Any CPU.Build.0 = Release|x64
		{A96DB20B-EB26-4606-B438-6ED8CD7E161E}.Release|x64.ActiveCfg = Release|x64
		{A96DB20B-EB26-4606-B438-6ED8CD7E161E}.Release|x64.Build.0 = Release|x64
		{A96DB20B-EB26-4606-B438-6ED8CD7E161E}.Release|x86.ActiveCfg = Release|Win32
		{A96DB20B-EB26-4606-B438-6ED8CD7E161E}.Release|x86.Build.0 = Release|Win32
	EndGlobalSection
	GlobalSection(SolutionProperties) = preSolution
		HideSolutionNode = FALSE
	EndGlobalSection
	GlobalSection(ExtensibilityGlobals) = postSolution
		SolutionGuid = {0305C995-D281-4B48-9ECF-8AD729EE1709}
	EndGlobalSection
EndGlobal
